
Microsoft Visual Studio Solution File, Format Version 12.00
# Visual Studio Version 17
VisualStudioVersion = 17.2.32602.215
MinimumVisualStudioVersion = 10.0.40219.1
Project("{9A19103F-16F7-4668-BE54-9A1E7A4F7556}") = "CODE-SS6-7", "CODE-SS6-7.csproj", "{4F6991BC-24C8-41C1-AAE1-946FC63D4D6C}"
EndProject
Project("{9A19103F-16F7-4668-BE54-9A1E7A4F7556}") = "CODE-2", "..\CODE-2\CODE-2.csproj", "{68E170C0-47BC-4EC1-99A0-C2D01DC9A790}"
EndProject
Project("{9A19103F-16F7-4668-BE54-9A1E7A4F7556}") = "CODE-3", "..\CODE-3\CODE-3.csproj", "{2EEAF41A-8D54-47C2-A78F-B0036AE0FCA7}"
EndProject
Project("{9A19103F-16F7-4668-BE54-9A1E7A4F7556}") = "CODE-5", "..\CODE5\CODE-5.csproj", "{4A67563E-55A5-4E9E-B847-D2DA84BD2E2C}"
EndProject
Project("{9A19103F-16F7-4668-BE54-9A1E7A4F7556}") = "CODE-6", "..\CODE-6\CODE-6.csproj", "{06AD3F85-FF16-46E4-A477-0D70E4F5B0C2}"
EndProject
Project("{9A19103F-16F7-4668-BE54-9A1E7A4F7556}") = "CODE-7", "..\CODE-7\CODE-7.csproj", "{C1412573-419F-4386-AE89-35230D7538DA}"
EndProject
Project("{9A19103F-16F7-4668-BE54-9A1E7A4F7556}") = "CODE-8", "..\CODE-8\CODE-8.csproj", "{1C0CEF8E-3E3F-4454-A416-B55EC7ABF5DE}"
EndProject
Project("{FAE04EC0-301F-11D3-BF4B-00C04F79EFBC}") = "CODE-9", "..\CODE-9\CODE-9.csproj", "{2D816626-D207-49E2-95EE-739540B4B330}"
EndProject
Project("{FAE04EC0-301F-11D3-BF4B-00C04F79EFBC}") = "CODE-10", "..\CODE-10\CODE-10.csproj", "{3A21B5F1-DB93-400E-8B71-E0EAC8A385E4}"
EndProject
Global
	GlobalSection(SolutionConfigurationPlatforms) = preSolution
		Debug|Any CPU = Debug|Any CPU
		Release|Any CPU = Release|Any CPU
	EndGlobalSection
	GlobalSection(ProjectConfigurationPlatforms) = postSolution
		{4F6991BC-24C8-41C1-AAE1-946FC63D4D6C}.Debug|Any CPU.ActiveCfg = Debug|Any CPU
		{4F6991BC-24C8-41C1-AAE1-946FC63D4D6C}.Debug|Any CPU.Build.0 = Debug|Any CPU
		{4F6991BC-24C8-41C1-AAE1-946FC63D4D6C}.Release|Any CPU.ActiveCfg = Release|Any CPU
		{4F6991BC-24C8-41C1-AAE1-946FC63D4D6C}.Release|Any CPU.Build.0 = Release|Any CPU
		{68E170C0-47BC-4EC1-99A0-C2D01DC9A790}.Debug|Any CPU.ActiveCfg = Debug|Any CPU
		{68E170C0-47BC-4EC1-99A0-C2D01DC9A790}.Debug|Any CPU.Build.0 = Debug|Any CPU
		{68E170C0-47BC-4EC1-99A0-C2D01DC9A790}.Release|Any CPU.ActiveCfg = Release|Any CPU
		{68E170C0-47BC-4EC1-99A0-C2D01DC9A790}.Release|Any CPU.Build.0 = Release|Any CPU
		{2EEAF41A-8D54-47C2-A78F-B0036AE0FCA7}.Debug|Any CPU.ActiveCfg = Debug|Any CPU
		{2EEAF41A-8D54-47C2-A78F-B0036AE0FCA7}.Debug|Any CPU.Build.0 = Debug|Any CPU
		{2EEAF41A-8D54-47C2-A78F-B0036AE0FCA7}.Release|Any CPU.ActiveCfg = Release|Any CPU
		{2EEAF41A-8D54-47C2-A78F-B0036AE0FCA7}.Release|Any CPU.Build.0 = Release|Any CPU
		{4A67563E-55A5-4E9E-B847-D2DA84BD2E2C}.Debug|Any CPU.ActiveCfg = Debug|Any CPU
		{4A67563E-55A5-4E9E-B847-D2DA84BD2E2C}.Debug|Any CPU.Build.0 = Debug|Any CPU
		{4A67563E-55A5-4E9E-B847-D2DA84BD2E2C}.Release|Any CPU.ActiveCfg = Release|Any CPU
		{4A67563E-55A5-4E9E-B847-D2DA84BD2E2C}.Release|Any CPU.Build.0 = Release|Any CPU
		{06AD3F85-FF16-46E4-A477-0D70E4F5B0C2}.Debug|Any CPU.ActiveCfg = Debug|Any CPU
		{06AD3F85-FF16-46E4-A477-0D70E4F5B0C2}.Debug|Any CPU.Build.0 = Debug|Any CPU
		{06AD3F85-FF16-46E4-A477-0D70E4F5B0C2}.Release|Any CPU.ActiveCfg = Release|Any CPU
		{06AD3F85-FF16-46E4-A477-0D70E4F5B0C2}.Release|Any CPU.Build.0 = Release|Any CPU
		{C1412573-419F-4386-AE89-35230D7538DA}.Debug|Any CPU.ActiveCfg = Debug|Any CPU
		{C1412573-419F-4386-AE89-35230D7538DA}.Debug|Any CPU.Build.0 = Debug|Any CPU
		{C1412573-419F-4386-AE89-35230D7538DA}.Release|Any CPU.ActiveCfg = Release|Any CPU
		{C1412573-419F-4386-AE89-35230D7538DA}.Release|Any CPU.Build.0 = Release|Any CPU
		{1C0CEF8E-3E3F-4454-A416-B55EC7ABF5DE}.Debug|Any CPU.ActiveCfg = Debug|Any CPU
		{1C0CEF8E-3E3F-4454-A416-B55EC7ABF5DE}.Debug|Any CPU.Build.0 = Debug|Any CPU
		{1C0CEF8E-3E3F-4454-A416-B55EC7ABF5DE}.Release|Any CPU.ActiveCfg = Release|Any CPU
		{1C0CEF8E-3E3F-4454-A416-B55EC7ABF5DE}.Release|Any CPU.Build.0 = Release|Any CPU
		{2D816626-D207-49E2-95EE-739540B4B330}.Debug|Any CPU.ActiveCfg = Debug|Any CPU
		{2D816626-D207-49E2-95EE-739540B4B330}.Debug|Any CPU.Build.0 = Debug|Any CPU
		{2D816626-D207-49E2-95EE-739540B4B330}.Release|Any CPU.ActiveCfg = Release|Any CPU
		{2D816626-D207-49E2-95EE-739540B4B330}.Release|Any CPU.Build.0 = Release|Any CPU
		{3A21B5F1-DB93-400E-8B71-E0EAC8A385E4}.Debug|Any CPU.ActiveCfg = Debug|Any CPU
		{3A21B5F1-DB93-400E-8B71-E0EAC8A385E4}.Debug|Any CPU.Build.0 = Debug|Any CPU
		{3A21B5F1-DB93-400E-8B71-E0EAC8A385E4}.Release|Any CPU.ActiveCfg = Release|Any CPU
		{3A21B5F1-DB93-400E-8B71-E0EAC8A385E4}.Release|Any CPU.Build.0 = Release|Any CPU
	EndGlobalSection
	GlobalSection(SolutionProperties) = preSolution
		HideSolutionNode = FALSE
	EndGlobalSection
	GlobalSection(ExtensibilityGlobals) = postSolution
		SolutionGuid = {58BD48C0-22C4-47C6-A174-2A4C3F26F1AE}
	EndGlobalSection
EndGlobal
